
Microsoft Visual Studio Solution File, Format Version 12.00
# Visual Studio Version 17
VisualStudioVersion = 17.9.34728.123
MinimumVisualStudioVersion = 10.0.40219.1
Project("{9A19103F-16F7-4668-BE54-9A1E7A4F7556}") = "ProjectX.API", "ProjectX.API\ProjectX.API.csproj", "{13E8DF9E-D804-4AB5-9EFB-C2D579DC0548}"
EndProject
Project("{9A19103F-16F7-4668-BE54-9A1E7A4F7556}") = "ProjectX.Data", "ProjectX.Data\ProjectX.Data.csproj", "{9A33301B-4952-4F05-81A6-31F5EEF81DF7}"
EndProject
Project("{9A19103F-16F7-4668-BE54-9A1E7A4F7556}") = "ProjectX.Service", "ProjectX.Service\ProjectX.Service.csproj", "{3B572D9C-4D5F-449E-9F2E-E8F393FBC861}"
EndProject
Project("{FAE04EC0-301F-11D3-BF4B-00C04F79EFBC}") = "TUTDb.Data", "TUTDb.Data\TUTDb.Data.csproj", "{BBA30471-64A5-4134-B7DC-FDF39BFA7447}"
EndProject
Global
	GlobalSection(SolutionConfigurationPlatforms) = preSolution
		Debug|Any CPU = Debug|Any CPU
		Release|Any CPU = Release|Any CPU
	EndGlobalSection
	GlobalSection(ProjectConfigurationPlatforms) = postSolution
		{13E8DF9E-D804-4AB5-9EFB-C2D579DC0548}.Debug|Any CPU.ActiveCfg = Debug|Any CPU
		{13E8DF9E-D804-4AB5-9EFB-C2D579DC0548}.Debug|Any CPU.Build.0 = Debug|Any CPU
		{13E8DF9E-D804-4AB5-9EFB-C2D579DC0548}.Release|Any CPU.ActiveCfg = Release|Any CPU
		{13E8DF9E-D804-4AB5-9EFB-C2D579DC0548}.Release|Any CPU.Build.0 = Release|Any CPU
		{9A33301B-4952-4F05-81A6-31F5EEF81DF7}.Debug|Any CPU.ActiveCfg = Debug|Any CPU
		{9A33301B-4952-4F05-81A6-31F5EEF81DF7}.Debug|Any CPU.Build.0 = Debug|Any CPU
		{9A33301B-4952-4F05-81A6-31F5EEF81DF7}.Release|Any CPU.ActiveCfg = Release|Any CPU
		{9A33301B-4952-4F05-81A6-31F5EEF81DF7}.Release|Any CPU.Build.0 = Release|Any CPU
		{3B572D9C-4D5F-449E-9F2E-E8F393FBC861}.Debug|Any CPU.ActiveCfg = Debug|Any CPU
		{3B572D9C-4D5F-449E-9F2E-E8F393FBC861}.Debug|Any CPU.Build.0 = Debug|Any CPU
		{3B572D9C-4D5F-449E-9F2E-E8F393FBC861}.Release|Any CPU.ActiveCfg = Release|Any CPU
		{3B572D9C-4D5F-449E-9F2E-E8F393FBC861}.Release|Any CPU.Build.0 = Release|Any CPU
		{BBA30471-64A5-4134-B7DC-FDF39BFA7447}.Debug|Any CPU.ActiveCfg = Debug|Any CPU
		{BBA30471-64A5-4134-B7DC-FDF39BFA7447}.Debug|Any CPU.Build.0 = Debug|Any CPU
		{BBA30471-64A5-4134-B7DC-FDF39BFA7447}.Release|Any CPU.ActiveCfg = Release|Any CPU
		{BBA30471-64A5-4134-B7DC-FDF39BFA7447}.Release|Any CPU.Build.0 = Release|Any CPU
	EndGlobalSection
	GlobalSection(SolutionProperties) = preSolution
		HideSolutionNode = FALSE
	EndGlobalSection
	GlobalSection(ExtensibilityGlobals) = postSolution
		SolutionGuid = {D31B231B-B708-4062-9925-76F1D26328A0}
	EndGlobalSection
EndGlobal
